// !$*UTF8*$!
{
	archiveVersion = 1;
	classes = {
	};
	objectVersion = 46;
	objects = {

/* Begin PBXBuildFile section */
		834C26BB155EEAF9009A9C9E /* Foundation.framework in Frameworks */ = {isa = PBXBuildFile; fileRef = 834C26BA155EEAF9009A9C9E /* Foundation.framework */; };
		834C26BD155EEAF9009A9C9E /* UIKit.framework in Frameworks */ = {isa = PBXBuildFile; fileRef = 834C26BC155EEAF9009A9C9E /* UIKit.framework */; };
		834C26BF155EEAF9009A9C9E /* CoreGraphics.framework in Frameworks */ = {isa = PBXBuildFile; fileRef = 834C26BE155EEAF9009A9C9E /* CoreGraphics.framework */; };
		834C26C1155EEAF9009A9C9E /* AddressBook.framework in Frameworks */ = {isa = PBXBuildFile; fileRef = 834C26C0155EEAF9009A9C9E /* AddressBook.framework */; };
		834C26C3155EEAF9009A9C9E /* AddressBookUI.framework in Frameworks */ = {isa = PBXBuildFile; fileRef = 834C26C2155EEAF9009A9C9E /* AddressBookUI.framework */; };
		834C26C5155EEAF9009A9C9E /* AudioToolbox.framework in Frameworks */ = {isa = PBXBuildFile; fileRef = 834C26C4155EEAF9009A9C9E /* AudioToolbox.framework */; };
		834C26C7155EEAF9009A9C9E /* AVFoundation.framework in Frameworks */ = {isa = PBXBuildFile; fileRef = 834C26C6155EEAF9009A9C9E /* AVFoundation.framework */; };
		834C26C9155EEAF9009A9C9E /* CoreLocation.framework in Frameworks */ = {isa = PBXBuildFile; fileRef = 834C26C8155EEAF9009A9C9E /* CoreLocation.framework */; };
		834C26CB155EEAF9009A9C9E /* MediaPlayer.framework in Frameworks */ = {isa = PBXBuildFile; fileRef = 834C26CA155EEAF9009A9C9E /* MediaPlayer.framework */; };
		834C26CD155EEAF9009A9C9E /* QuartzCore.framework in Frameworks */ = {isa = PBXBuildFile; fileRef = 834C26CC155EEAF9009A9C9E /* QuartzCore.framework */; };
		834C26CF155EEAF9009A9C9E /* SystemConfiguration.framework in Frameworks */ = {isa = PBXBuildFile; fileRef = 834C26CE155EEAF9009A9C9E /* SystemConfiguration.framework */; };
		834C26D1155EEAF9009A9C9E /* MobileCoreServices.framework in Frameworks */ = {isa = PBXBuildFile; fileRef = 834C26D0155EEAF9009A9C9E /* MobileCoreServices.framework */; };
		834C26D3155EEAF9009A9C9E /* CoreMedia.framework in Frameworks */ = {isa = PBXBuildFile; fileRef = 834C26D2155EEAF9009A9C9E /* CoreMedia.framework */; };
		834C26D9155EEAF9009A9C9E /* InfoPlist.strings in Resources */ = {isa = PBXBuildFile; fileRef = 834C26D7155EEAF9009A9C9E /* InfoPlist.strings */; };
		834C26DB155EEAF9009A9C9E /* main.m in Sources */ = {isa = PBXBuildFile; fileRef = 834C26DA155EEAF9009A9C9E /* main.m */; };
		834C26DE155EEAF9009A9C9E /* Cordova.framework in Frameworks */ = {isa = PBXBuildFile; fileRef = 834C26DD155EEAF9009A9C9E /* Cordova.framework */; };
		834C26E3155EEAF9009A9C9E /* Localizable.strings in Resources */ = {isa = PBXBuildFile; fileRef = 834C26E1155EEAF9009A9C9E /* Localizable.strings */; };
		834C26E7155EEAF9009A9C9E /* Localizable.strings in Resources */ = {isa = PBXBuildFile; fileRef = 834C26E5155EEAF9009A9C9E /* Localizable.strings */; };
		834C26EB155EEAF9009A9C9E /* Localizable.strings in Resources */ = {isa = PBXBuildFile; fileRef = 834C26E9155EEAF9009A9C9E /* Localizable.strings */; };
		834C26EF155EEAF9009A9C9E /* Localizable.strings in Resources */ = {isa = PBXBuildFile; fileRef = 834C26ED155EEAF9009A9C9E /* Localizable.strings */; };
		834C26F2155EEAF9009A9C9E /* icon.png in Resources */ = {isa = PBXBuildFile; fileRef = 834C26F1155EEAF9009A9C9E /* icon.png */; };
		834C26F4155EEAF9009A9C9E /* icon@2x.png in Resources */ = {isa = PBXBuildFile; fileRef = 834C26F3155EEAF9009A9C9E /* icon@2x.png */; };
		834C26F6155EEAF9009A9C9E /* icon-72.png in Resources */ = {isa = PBXBuildFile; fileRef = 834C26F5155EEAF9009A9C9E /* icon-72.png */; };
		834C26F9155EEAF9009A9C9E /* Default~iphone.png in Resources */ = {isa = PBXBuildFile; fileRef = 834C26F8155EEAF9009A9C9E /* Default~iphone.png */; };
		834C26FB155EEAF9009A9C9E /* Default@2x~iphone.png in Resources */ = {isa = PBXBuildFile; fileRef = 834C26FA155EEAF9009A9C9E /* Default@2x~iphone.png */; };
		834C26FD155EEAF9009A9C9E /* Capture.bundle in Resources */ = {isa = PBXBuildFile; fileRef = 834C26FC155EEAF9009A9C9E /* Capture.bundle */; };
		834C26FF155EEAF9009A9C9E /* Cordova.plist in Resources */ = {isa = PBXBuildFile; fileRef = 834C26FE155EEAF9009A9C9E /* Cordova.plist */; };
		834C2703155EEAF9009A9C9E /* AppDelegate.m in Sources */ = {isa = PBXBuildFile; fileRef = 834C2702155EEAF9009A9C9E /* AppDelegate.m */; };
		834C2706155EEAF9009A9C9E /* MainViewController.m in Sources */ = {isa = PBXBuildFile; fileRef = 834C2705155EEAF9009A9C9E /* MainViewController.m */; };
		834C2708155EEAF9009A9C9E /* MainViewController.xib in Resources */ = {isa = PBXBuildFile; fileRef = 834C2707155EEAF9009A9C9E /* MainViewController.xib */; };
		834C270C155EEAF9009A9C9E /* verify.sh in Resources */ = {isa = PBXBuildFile; fileRef = 834C270B155EEAF9009A9C9E /* verify.sh */; };
		834C2719155EECF1009A9C9E /* AppInfoGap.m in Sources */ = {isa = PBXBuildFile; fileRef = 834C2718155EECF1009A9C9E /* AppInfoGap.m */; };
		834C271B155EED92009A9C9E /* www in Resources */ = {isa = PBXBuildFile; fileRef = 834C271A155EED92009A9C9E /* www */; };
		834C2723155F3150009A9C9E /* README.md in Resources */ = {isa = PBXBuildFile; fileRef = 834C2722155F3150009A9C9E /* README.md */; };
/* End PBXBuildFile section */

/* Begin PBXFileReference section */
		834C26B6155EEAF9009A9C9E /* infogap.app */ = {isa = PBXFileReference; explicitFileType = wrapper.application; includeInIndex = 0; path = infogap.app; sourceTree = BUILT_PRODUCTS_DIR; };
		834C26BA155EEAF9009A9C9E /* Foundation.framework */ = {isa = PBXFileReference; lastKnownFileType = wrapper.framework; name = Foundation.framework; path = System/Library/Frameworks/Foundation.framework; sourceTree = SDKROOT; };
		834C26BC155EEAF9009A9C9E /* UIKit.framework */ = {isa = PBXFileReference; lastKnownFileType = wrapper.framework; name = UIKit.framework; path = System/Library/Frameworks/UIKit.framework; sourceTree = SDKROOT; };
		834C26BE155EEAF9009A9C9E /* CoreGraphics.framework */ = {isa = PBXFileReference; lastKnownFileType = wrapper.framework; name = CoreGraphics.framework; path = System/Library/Frameworks/CoreGraphics.framework; sourceTree = SDKROOT; };
		834C26C0155EEAF9009A9C9E /* AddressBook.framework */ = {isa = PBXFileReference; lastKnownFileType = wrapper.framework; name = AddressBook.framework; path = System/Library/Frameworks/AddressBook.framework; sourceTree = SDKROOT; };
		834C26C2155EEAF9009A9C9E /* AddressBookUI.framework */ = {isa = PBXFileReference; lastKnownFileType = wrapper.framework; name = AddressBookUI.framework; path = System/Library/Frameworks/AddressBookUI.framework; sourceTree = SDKROOT; };
		834C26C4155EEAF9009A9C9E /* AudioToolbox.framework */ = {isa = PBXFileReference; lastKnownFileType = wrapper.framework; name = AudioToolbox.framework; path = System/Library/Frameworks/AudioToolbox.framework; sourceTree = SDKROOT; };
		834C26C6155EEAF9009A9C9E /* AVFoundation.framework */ = {isa = PBXFileReference; lastKnownFileType = wrapper.framework; name = AVFoundation.framework; path = System/Library/Frameworks/AVFoundation.framework; sourceTree = SDKROOT; };
		834C26C8155EEAF9009A9C9E /* CoreLocation.framework */ = {isa = PBXFileReference; lastKnownFileType = wrapper.framework; name = CoreLocation.framework; path = System/Library/Frameworks/CoreLocation.framework; sourceTree = SDKROOT; };
		834C26CA155EEAF9009A9C9E /* MediaPlayer.framework */ = {isa = PBXFileReference; lastKnownFileType = wrapper.framework; name = MediaPlayer.framework; path = System/Library/Frameworks/MediaPlayer.framework; sourceTree = SDKROOT; };
		834C26CC155EEAF9009A9C9E /* QuartzCore.framework */ = {isa = PBXFileReference; lastKnownFileType = wrapper.framework; name = QuartzCore.framework; path = System/Library/Frameworks/QuartzCore.framework; sourceTree = SDKROOT; };
		834C26CE155EEAF9009A9C9E /* SystemConfiguration.framework */ = {isa = PBXFileReference; lastKnownFileType = wrapper.framework; name = SystemConfiguration.framework; path = System/Library/Frameworks/SystemConfiguration.framework; sourceTree = SDKROOT; };
		834C26D0155EEAF9009A9C9E /* MobileCoreServices.framework */ = {isa = PBXFileReference; lastKnownFileType = wrapper.framework; name = MobileCoreServices.framework; path = System/Library/Frameworks/MobileCoreServices.framework; sourceTree = SDKROOT; };
		834C26D2155EEAF9009A9C9E /* CoreMedia.framework */ = {isa = PBXFileReference; lastKnownFileType = wrapper.framework; name = CoreMedia.framework; path = System/Library/Frameworks/CoreMedia.framework; sourceTree = SDKROOT; };
		834C26D6155EEAF9009A9C9E /* infogap-Info.plist */ = {isa = PBXFileReference; lastKnownFileType = text.plist.xml; path = "infogap-Info.plist"; sourceTree = "<group>"; };
		834C26D8155EEAF9009A9C9E /* en */ = {isa = PBXFileReference; lastKnownFileType = text.plist.strings; name = en; path = en.lproj/InfoPlist.strings; sourceTree = "<group>"; };
		834C26DA155EEAF9009A9C9E /* main.m */ = {isa = PBXFileReference; lastKnownFileType = sourcecode.c.objc; path = main.m; sourceTree = "<group>"; };
		834C26DC155EEAF9009A9C9E /* infogap-Prefix.pch */ = {isa = PBXFileReference; lastKnownFileType = sourcecode.c.h; path = "infogap-Prefix.pch"; sourceTree = "<group>"; };
		834C26DD155EEAF9009A9C9E /* Cordova.framework */ = {isa = PBXFileReference; lastKnownFileType = wrapper.framework; name = Cordova.framework; path = /Users/Shared/Cordova/Frameworks/Cordova.framework; sourceTree = "<absolute>"; };
		834C26E2155EEAF9009A9C9E /* en */ = {isa = PBXFileReference; lastKnownFileType = text.plist.strings; name = en; path = Resources/en.lproj/Localizable.strings; sourceTree = "<group>"; };
		834C26E6155EEAF9009A9C9E /* es */ = {isa = PBXFileReference; lastKnownFileType = text.plist.strings; name = es; path = Resources/es.lproj/Localizable.strings; sourceTree = "<group>"; };
		834C26EA155EEAF9009A9C9E /* de */ = {isa = PBXFileReference; lastKnownFileType = text.plist.strings; name = de; path = Resources/de.lproj/Localizable.strings; sourceTree = "<group>"; };
		834C26EE155EEAF9009A9C9E /* se */ = {isa = PBXFileReference; lastKnownFileType = text.plist.strings; name = se; path = Resources/se.lproj/Localizable.strings; sourceTree = "<group>"; };
		834C26F1155EEAF9009A9C9E /* icon.png */ = {isa = PBXFileReference; lastKnownFileType = image.png; name = icon.png; path = Resources/icons/icon.png; sourceTree = "<group>"; };
		834C26F3155EEAF9009A9C9E /* icon@2x.png */ = {isa = PBXFileReference; lastKnownFileType = image.png; name = "icon@2x.png"; path = "Resources/icons/icon@2x.png"; sourceTree = "<group>"; };
		834C26F5155EEAF9009A9C9E /* icon-72.png */ = {isa = PBXFileReference; lastKnownFileType = image.png; name = "icon-72.png"; path = "Resources/icons/icon-72.png"; sourceTree = "<group>"; };
		834C26F8155EEAF9009A9C9E /* Default~iphone.png */ = {isa = PBXFileReference; lastKnownFileType = image.png; name = "Default~iphone.png"; path = "Resources/splash/Default~iphone.png"; sourceTree = "<group>"; };
		834C26FA155EEAF9009A9C9E /* Default@2x~iphone.png */ = {isa = PBXFileReference; lastKnownFileType = image.png; name = "Default@2x~iphone.png"; path = "Resources/splash/Default@2x~iphone.png"; sourceTree = "<group>"; };
		834C26FC155EEAF9009A9C9E /* Capture.bundle */ = {isa = PBXFileReference; lastKnownFileType = "wrapper.plug-in"; name = Capture.bundle; path = Resources/Capture.bundle; sourceTree = "<group>"; };
		834C26FE155EEAF9009A9C9E /* Cordova.plist */ = {isa = PBXFileReference; lastKnownFileType = text.plist.xml; path = Cordova.plist; sourceTree = "<group>"; };
		834C2701155EEAF9009A9C9E /* AppDelegate.h */ = {isa = PBXFileReference; lastKnownFileType = sourcecode.c.h; name = AppDelegate.h; path = Classes/AppDelegate.h; sourceTree = "<group>"; };
		834C2702155EEAF9009A9C9E /* AppDelegate.m */ = {isa = PBXFileReference; lastKnownFileType = sourcecode.c.objc; name = AppDelegate.m; path = Classes/AppDelegate.m; sourceTree = "<group>"; };
		834C2704155EEAF9009A9C9E /* MainViewController.h */ = {isa = PBXFileReference; lastKnownFileType = sourcecode.c.h; name = MainViewController.h; path = Classes/MainViewController.h; sourceTree = "<group>"; };
		834C2705155EEAF9009A9C9E /* MainViewController.m */ = {isa = PBXFileReference; lastKnownFileType = sourcecode.c.objc; name = MainViewController.m; path = Classes/MainViewController.m; sourceTree = "<group>"; };
		834C2707155EEAF9009A9C9E /* MainViewController.xib */ = {isa = PBXFileReference; lastKnownFileType = file.xib; name = MainViewController.xib; path = Classes/MainViewController.xib; sourceTree = "<group>"; };
		834C270A155EEAF9009A9C9E /* README */ = {isa = PBXFileReference; lastKnownFileType = text; name = README; path = Plugins/README; sourceTree = "<group>"; };
		834C270B155EEAF9009A9C9E /* verify.sh */ = {isa = PBXFileReference; lastKnownFileType = text.script.sh; path = verify.sh; sourceTree = "<group>"; };
		834C2716155EEB40009A9C9E /* AppInfoGap.h */ = {isa = PBXFileReference; lastKnownFileType = sourcecode.c.h; name = AppInfoGap.h; path = Classes/AppInfoGap.h; sourceTree = "<group>"; };
		834C2718155EECF1009A9C9E /* AppInfoGap.m */ = {isa = PBXFileReference; fileEncoding = 4; lastKnownFileType = sourcecode.c.objc; name = AppInfoGap.m; path = Classes/AppInfoGap.m; sourceTree = "<group>"; };
		834C271A155EED92009A9C9E /* www */ = {isa = PBXFileReference; lastKnownFileType = folder; path = www; sourceTree = "<group>"; };
		834C2722155F3150009A9C9E /* README.md */ = {isa = PBXFileReference; fileEncoding = 4; lastKnownFileType = text; path = README.md; sourceTree = "<group>"; };
/* End PBXFileReference section */

/* Begin PBXFrameworksBuildPhase section */
		834C26B0155EEAF9009A9C9E /* Frameworks */ = {
			isa = PBXFrameworksBuildPhase;
			buildActionMask = 2147483647;
			files = (
				834C26BB155EEAF9009A9C9E /* Foundation.framework in Frameworks */,
				834C26BD155EEAF9009A9C9E /* UIKit.framework in Frameworks */,
				834C26BF155EEAF9009A9C9E /* CoreGraphics.framework in Frameworks */,
				834C26C1155EEAF9009A9C9E /* AddressBook.framework in Frameworks */,
				834C26C3155EEAF9009A9C9E /* AddressBookUI.framework in Frameworks */,
				834C26C5155EEAF9009A9C9E /* AudioToolbox.framework in Frameworks */,
				834C26C7155EEAF9009A9C9E /* AVFoundation.framework in Frameworks */,
				834C26C9155EEAF9009A9C9E /* CoreLocation.framework in Frameworks */,
				834C26CB155EEAF9009A9C9E /* MediaPlayer.framework in Frameworks */,
				834C26CD155EEAF9009A9C9E /* QuartzCore.framework in Frameworks */,
				834C26CF155EEAF9009A9C9E /* SystemConfiguration.framework in Frameworks */,
				834C26D1155EEAF9009A9C9E /* MobileCoreServices.framework in Frameworks */,
				834C26D3155EEAF9009A9C9E /* CoreMedia.framework in Frameworks */,
				834C26DE155EEAF9009A9C9E /* Cordova.framework in Frameworks */,
			);
			runOnlyForDeploymentPostprocessing = 0;
		};
		834C26B3155EEAF9009A9C9E /* Frameworks */ = {
			isa = PBXFrameworksBuildPhase;
			buildActionMask = 2147483647;
			files = (
			);
			runOnlyForDeploymentPostprocessing = 0;
		};
/* End PBXFrameworksBuildPhase section */

/* Begin PBXGroup section */
		834C26A8155EEAF8009A9C9E = {
			isa = PBXGroup;
			children = (
				834C2722155F3150009A9C9E /* README.md */,
				834C271A155EED92009A9C9E /* www */,
				834C26D4155EEAF9009A9C9E /* infogap */,
				834C26B9155EEAF9009A9C9E /* Frameworks */,
				834C26B7155EEAF9009A9C9E /* Products */,
			);
			sourceTree = "<group>";
		};
		834C26B7155EEAF9009A9C9E /* Products */ = {
			isa = PBXGroup;
			children = (
				834C26B6155EEAF9009A9C9E /* infogap.app */,
			);
			name = Products;
			sourceTree = "<group>";
		};
		834C26B9155EEAF9009A9C9E /* Frameworks */ = {
			isa = PBXGroup;
			children = (
				834C26BA155EEAF9009A9C9E /* Foundation.framework */,
				834C26BC155EEAF9009A9C9E /* UIKit.framework */,
				834C26BE155EEAF9009A9C9E /* CoreGraphics.framework */,
				834C26C0155EEAF9009A9C9E /* AddressBook.framework */,
				834C26C2155EEAF9009A9C9E /* AddressBookUI.framework */,
				834C26C4155EEAF9009A9C9E /* AudioToolbox.framework */,
				834C26C6155EEAF9009A9C9E /* AVFoundation.framework */,
				834C26C8155EEAF9009A9C9E /* CoreLocation.framework */,
				834C26CA155EEAF9009A9C9E /* MediaPlayer.framework */,
				834C26CC155EEAF9009A9C9E /* QuartzCore.framework */,
				834C26CE155EEAF9009A9C9E /* SystemConfiguration.framework */,
				834C26D0155EEAF9009A9C9E /* MobileCoreServices.framework */,
				834C26D2155EEAF9009A9C9E /* CoreMedia.framework */,
			);
			name = Frameworks;
			sourceTree = "<group>";
		};
		834C26D4155EEAF9009A9C9E /* infogap */ = {
			isa = PBXGroup;
			children = (
				834C26DD155EEAF9009A9C9E /* Cordova.framework */,
				834C26DF155EEAF9009A9C9E /* Resources */,
				834C2700155EEAF9009A9C9E /* Classes */,
				834C2709155EEAF9009A9C9E /* Plugins */,
				834C26D5155EEAF9009A9C9E /* Supporting Files */,
			);
			path = infogap;
			sourceTree = "<group>";
		};
		834C26D5155EEAF9009A9C9E /* Supporting Files */ = {
			isa = PBXGroup;
			children = (
				834C26D6155EEAF9009A9C9E /* infogap-Info.plist */,
				834C26D7155EEAF9009A9C9E /* InfoPlist.strings */,
				834C26DA155EEAF9009A9C9E /* main.m */,
				834C26DC155EEAF9009A9C9E /* infogap-Prefix.pch */,
				834C26FE155EEAF9009A9C9E /* Cordova.plist */,
				834C2707155EEAF9009A9C9E /* MainViewController.xib */,
				834C270B155EEAF9009A9C9E /* verify.sh */,
			);
			name = "Supporting Files";
			sourceTree = "<group>";
		};
		834C26DF155EEAF9009A9C9E /* Resources */ = {
			isa = PBXGroup;
			children = (
				834C26FC155EEAF9009A9C9E /* Capture.bundle */,
				834C26E0155EEAF9009A9C9E /* en.lproj */,
				834C26E4155EEAF9009A9C9E /* es.lproj */,
				834C26E8155EEAF9009A9C9E /* de.lproj */,
				834C26EC155EEAF9009A9C9E /* se.lproj */,
				834C26F0155EEAF9009A9C9E /* icons */,
				834C26F7155EEAF9009A9C9E /* splash */,
			);
			name = Resources;
			sourceTree = "<group>";
		};
		834C26E0155EEAF9009A9C9E /* en.lproj */ = {
			isa = PBXGroup;
			children = (
				834C26E1155EEAF9009A9C9E /* Localizable.strings */,
			);
			name = en.lproj;
			sourceTree = "<group>";
		};
		834C26E4155EEAF9009A9C9E /* es.lproj */ = {
			isa = PBXGroup;
			children = (
				834C26E5155EEAF9009A9C9E /* Localizable.strings */,
			);
			name = es.lproj;
			sourceTree = "<group>";
		};
		834C26E8155EEAF9009A9C9E /* de.lproj */ = {
			isa = PBXGroup;
			children = (
				834C26E9155EEAF9009A9C9E /* Localizable.strings */,
			);
			name = de.lproj;
			sourceTree = "<group>";
		};
		834C26EC155EEAF9009A9C9E /* se.lproj */ = {
			isa = PBXGroup;
			children = (
				834C26ED155EEAF9009A9C9E /* Localizable.strings */,
			);
			name = se.lproj;
			sourceTree = "<group>";
		};
		834C26F0155EEAF9009A9C9E /* icons */ = {
			isa = PBXGroup;
			children = (
				834C26F1155EEAF9009A9C9E /* icon.png */,
				834C26F3155EEAF9009A9C9E /* icon@2x.png */,
				834C26F5155EEAF9009A9C9E /* icon-72.png */,
			);
			name = icons;
			sourceTree = "<group>";
		};
		834C26F7155EEAF9009A9C9E /* splash */ = {
			isa = PBXGroup;
			children = (
				834C26F8155EEAF9009A9C9E /* Default~iphone.png */,
				834C26FA155EEAF9009A9C9E /* Default@2x~iphone.png */,
			);
			name = splash;
			sourceTree = "<group>";
		};
		834C2700155EEAF9009A9C9E /* Classes */ = {
			isa = PBXGroup;
			children = (
				834C2701155EEAF9009A9C9E /* AppDelegate.h */,
				834C2702155EEAF9009A9C9E /* AppDelegate.m */,
				834C2704155EEAF9009A9C9E /* MainViewController.h */,
				834C2705155EEAF9009A9C9E /* MainViewController.m */,
			);
			name = Classes;
			sourceTree = "<group>";
		};
		834C2709155EEAF9009A9C9E /* Plugins */ = {
			isa = PBXGroup;
			children = (
				834C2718155EECF1009A9C9E /* AppInfoGap.m */,
				834C2716155EEB40009A9C9E /* AppInfoGap.h */,
				834C270A155EEAF9009A9C9E /* README */,
			);
			name = Plugins;
			sourceTree = "<group>";
		};
/* End PBXGroup section */

/* Begin PBXNativeTarget section */
		834C26B5155EEAF9009A9C9E /* infogap */ = {
			isa = PBXNativeTarget;
			buildConfigurationList = 834C270F155EEAF9009A9C9E /* Build configuration list for PBXNativeTarget "infogap" */;
			buildPhases = (
				834C26AF155EEAF9009A9C9E /* Sources */,
				834C26B0155EEAF9009A9C9E /* Frameworks */,
				834C26B1155EEAF9009A9C9E /* Resources */,
				834C26B2155EEAF9009A9C9E /* Sources */,
				834C26B3155EEAF9009A9C9E /* Frameworks */,
				834C26B4155EEAF9009A9C9E /* ShellScript */,
			);
			buildRules = (
			);
			dependencies = (
			);
			name = infogap;
			productName = infogap;
			productReference = 834C26B6155EEAF9009A9C9E /* infogap.app */;
			productType = "com.apple.product-type.application";
		};
/* End PBXNativeTarget section */

/* Begin PBXProject section */
		834C26AA155EEAF8009A9C9E /* Project object */ = {
			isa = PBXProject;
			attributes = {
				LastUpgradeCheck = 0430;
				ORGANIZATIONNAME = "WorldWide Digital Media";
			};
			buildConfigurationList = 834C26AD155EEAF8009A9C9E /* Build configuration list for PBXProject "infogap" */;
			compatibilityVersion = "Xcode 3.2";
			developmentRegion = English;
			hasScannedForEncodings = 0;
			knownRegions = (
				en,
				es,
				de,
				se,
			);
			mainGroup = 834C26A8155EEAF8009A9C9E;
			productRefGroup = 834C26B7155EEAF9009A9C9E /* Products */;
			projectDirPath = "";
			projectRoot = "";
			targets = (
				834C26B5155EEAF9009A9C9E /* infogap */,
			);
		};
/* End PBXProject section */

/* Begin PBXResourcesBuildPhase section */
		834C26B1155EEAF9009A9C9E /* Resources */ = {
			isa = PBXResourcesBuildPhase;
			buildActionMask = 2147483647;
			files = (
				834C26D9155EEAF9009A9C9E /* InfoPlist.strings in Resources */,
				834C26E3155EEAF9009A9C9E /* Localizable.strings in Resources */,
				834C26E7155EEAF9009A9C9E /* Localizable.strings in Resources */,
				834C26EB155EEAF9009A9C9E /* Localizable.strings in Resources */,
				834C26EF155EEAF9009A9C9E /* Localizable.strings in Resources */,
				834C26F2155EEAF9009A9C9E /* icon.png in Resources */,
				834C26F4155EEAF9009A9C9E /* icon@2x.png in Resources */,
				834C26F6155EEAF9009A9C9E /* icon-72.png in Resources */,
				834C26F9155EEAF9009A9C9E /* Default~iphone.png in Resources */,
				834C26FB155EEAF9009A9C9E /* Default@2x~iphone.png in Resources */,
				834C26FD155EEAF9009A9C9E /* Capture.bundle in Resources */,
				834C26FF155EEAF9009A9C9E /* Cordova.plist in Resources */,
				834C2708155EEAF9009A9C9E /* MainViewController.xib in Resources */,
				834C270C155EEAF9009A9C9E /* verify.sh in Resources */,
				834C271B155EED92009A9C9E /* www in Resources */,
				834C2723155F3150009A9C9E /* README.md in Resources */,
			);
			runOnlyForDeploymentPostprocessing = 0;
		};
/* End PBXResourcesBuildPhase section */

/* Begin PBXShellScriptBuildPhase section */
		834C26B4155EEAF9009A9C9E /* ShellScript */ = {
			isa = PBXShellScriptBuildPhase;
			buildActionMask = 2147483647;
			files = (
			);
			inputPaths = (
			);
			outputPaths = (
			);
			runOnlyForDeploymentPostprocessing = 0;
			shellPath = /bin/bash;
			shellScript = "\n\t\t\t\t\t\t\t\tchmod 755 \"$PROJECT_DIR/$PROJECT_NAME/verify.sh\"\n\t\t\t\t\t\t\t\t\"$PROJECT_DIR/$PROJECT_NAME/verify.sh\"\n\t\t\t\t\t";
		};
/* End PBXShellScriptBuildPhase section */

/* Begin PBXSourcesBuildPhase section */
		834C26AF155EEAF9009A9C9E /* Sources */ = {
			isa = PBXSourcesBuildPhase;
			buildActionMask = 2147483647;
			files = (
				834C26DB155EEAF9009A9C9E /* main.m in Sources */,
				834C2703155EEAF9009A9C9E /* AppDelegate.m in Sources */,
				834C2706155EEAF9009A9C9E /* MainViewController.m in Sources */,
				834C2719155EECF1009A9C9E /* AppInfoGap.m in Sources */,
			);
			runOnlyForDeploymentPostprocessing = 0;
		};
		834C26B2155EEAF9009A9C9E /* Sources */ = {
			isa = PBXSourcesBuildPhase;
			buildActionMask = 2147483647;
			files = (
			);
			runOnlyForDeploymentPostprocessing = 0;
		};
/* End PBXSourcesBuildPhase section */

/* Begin PBXVariantGroup section */
		834C26D7155EEAF9009A9C9E /* InfoPlist.strings */ = {
			isa = PBXVariantGroup;
			children = (
				834C26D8155EEAF9009A9C9E /* en */,
			);
			name = InfoPlist.strings;
			sourceTree = "<group>";
		};
		834C26E1155EEAF9009A9C9E /* Localizable.strings */ = {
			isa = PBXVariantGroup;
			children = (
				834C26E2155EEAF9009A9C9E /* en */,
			);
			name = Localizable.strings;
			sourceTree = "<group>";
		};
		834C26E5155EEAF9009A9C9E /* Localizable.strings */ = {
			isa = PBXVariantGroup;
			children = (
				834C26E6155EEAF9009A9C9E /* es */,
			);
			name = Localizable.strings;
			sourceTree = "<group>";
		};
		834C26E9155EEAF9009A9C9E /* Localizable.strings */ = {
			isa = PBXVariantGroup;
			children = (
				834C26EA155EEAF9009A9C9E /* de */,
			);
			name = Localizable.strings;
			sourceTree = "<group>";
		};
		834C26ED155EEAF9009A9C9E /* Localizable.strings */ = {
			isa = PBXVariantGroup;
			children = (
				834C26EE155EEAF9009A9C9E /* se */,
			);
			name = Localizable.strings;
			sourceTree = "<group>";
		};
/* End PBXVariantGroup section */

/* Begin XCBuildConfiguration section */
		834C270D155EEAF9009A9C9E /* Debug */ = {
			isa = XCBuildConfiguration;
			buildSettings = {
				ALWAYS_SEARCH_USER_PATHS = NO;
				ARCHS = (
					armv6,
					"$(ARCHS_STANDARD_32_BIT)",
				);
				CLANG_ENABLE_OBJC_ARC = YES;
				"CODE_SIGN_IDENTITY[sdk=iphoneos*]" = "iPhone Developer";
				COPY_PHASE_STRIP = NO;
				GCC_C_LANGUAGE_STANDARD = gnu99;
				GCC_DYNAMIC_NO_PIC = NO;
				GCC_OPTIMIZATION_LEVEL = 0;
				GCC_PREPROCESSOR_DEFINITIONS = (
					"DEBUG=1",
					"$(inherited)",
				);
				GCC_SYMBOLS_PRIVATE_EXTERN = NO;
				GCC_VERSION = com.apple.compilers.llvm.clang.1_0;
				GCC_WARN_ABOUT_RETURN_TYPE = YES;
				GCC_WARN_UNINITIALIZED_AUTOS = YES;
				GCC_WARN_UNUSED_VARIABLE = YES;
				IPHONEOS_DEPLOYMENT_TARGET = 3.0;
				SDKROOT = iphoneos;
			};
			name = Debug;
		};
		834C270E155EEAF9009A9C9E /* Release */ = {
			isa = XCBuildConfiguration;
			buildSettings = {
				ALWAYS_SEARCH_USER_PATHS = NO;
				ARCHS = (
					armv6,
					"$(ARCHS_STANDARD_32_BIT)",
				);
				CLANG_ENABLE_OBJC_ARC = YES;
				"CODE_SIGN_IDENTITY[sdk=iphoneos*]" = "iPhone Developer";
				COPY_PHASE_STRIP = YES;
				GCC_C_LANGUAGE_STANDARD = gnu99;
				GCC_VERSION = com.apple.compilers.llvm.clang.1_0;
				GCC_WARN_ABOUT_RETURN_TYPE = YES;
				GCC_WARN_UNINITIALIZED_AUTOS = YES;
				GCC_WARN_UNUSED_VARIABLE = YES;
				IPHONEOS_DEPLOYMENT_TARGET = 3.0;
				SDKROOT = iphoneos;
				VALIDATE_PRODUCT = YES;
			};
			name = Release;
		};
		834C2710155EEAF9009A9C9E /* Debug */ = {
			isa = XCBuildConfiguration;
			buildSettings = {
				ALWAYS_SEARCH_USER_PATHS = YES;
				COPY_PHASE_STRIP = NO;
				FRAMEWORK_SEARCH_PATHS = /Users/Shared/Cordova/Frameworks;
				GCC_DYNAMIC_NO_PIC = NO;
				GCC_PRECOMPILE_PREFIX_HEADER = YES;
				GCC_PREFIX_HEADER = "infogap/infogap-Prefix.pch";
				GCC_PREPROCESSOR_DEFINITIONS = (
					"DEBUG=1,",
					"CORDOVA_FRAMEWORK=1",
				);
				GCC_VERSION = com.apple.compilers.llvmgcc42;
				INFOPLIST_FILE = "infogap/infogap-Info.plist";
				OTHER_LDFLAGS = (
					"-weak_framework",
					UIKit,
					"-weak_framework",
					AVFoundation,
					"-weak_framework",
					CoreMedia,
					"-weak_library",
					/usr/lib/libSystem.B.dylib,
				);
				PRODUCT_NAME = "$(TARGET_NAME)";
				TARGETED_DEVICE_FAMILY = "1,2";
				WRAPPER_EXTENSION = app;
			};
			name = Debug;
		};
		834C2711155EEAF9009A9C9E /* Release */ = {
			isa = XCBuildConfiguration;
			buildSettings = {
				ALWAYS_SEARCH_USER_PATHS = YES;
				COPY_PHASE_STRIP = YES;
				DEBUG_INFORMATION_FORMAT = "dwarf-with-dsym";
				FRAMEWORK_SEARCH_PATHS = /Users/Shared/Cordova/Frameworks;
				GCC_PRECOMPILE_PREFIX_HEADER = YES;
				GCC_PREFIX_HEADER = "infogap/infogap-Prefix.pch";
				GCC_PREPROCESSOR_DEFINITIONS = (
					"NDEBUG=1,",
					"CORDOVA_FRAMEWORK=1",
				);
				GCC_VERSION = com.apple.compilers.llvmgcc42;
				INFOPLIST_FILE = "infogap/infogap-Info.plist";
				OTHER_LDFLAGS = (
					"-weak_framework",
					UIKit,
					"-weak_framework",
					AVFoundation,
					"-weak_framework",
					CoreMedia,
					"-weak_library",
					/usr/lib/libSystem.B.dylib,
				);
				PRODUCT_NAME = "$(TARGET_NAME)";
				TARGETED_DEVICE_FAMILY = "1,2";
				VALIDATE_PRODUCT = YES;
				WRAPPER_EXTENSION = app;
			};
			name = Release;
		};
/* End XCBuildConfiguration section */

/* Begin XCConfigurationList section */
		834C26AD155EEAF8009A9C9E /* Build configuration list for PBXProject "infogap" */ = {
			isa = XCConfigurationList;
			buildConfigurations = (
				834C270D155EEAF9009A9C9E /* Debug */,
				834C270E155EEAF9009A9C9E /* Release */,
			);
			defaultConfigurationIsVisible = 0;
			defaultConfigurationName = Release;
		};
		834C270F155EEAF9009A9C9E /* Build configuration list for PBXNativeTarget "infogap" */ = {
			isa = XCConfigurationList;
			buildConfigurations = (
				834C2710155EEAF9009A9C9E /* Debug */,
				834C2711155EEAF9009A9C9E /* Release */,
			);
			defaultConfigurationIsVisible = 0;
			defaultConfigurationName = Release;
		};
/* End XCConfigurationList section */
	};
	rootObject = 834C26AA155EEAF8009A9C9E /* Project object */;
}
